
Microsoft Visual Studio Solution File, Format Version 12.00
# Visual Studio Version 17
VisualStudioVersion = 17.10.35122.118
MinimumVisualStudioVersion = 10.0.40219.1
Project("{9A19103F-16F7-4668-BE54-9A1E7A4F7556}") = "BlazorApp", "BlazorApp.csproj", "{B6B5BBE5-BC62-464F-BCB5-4AD5C7FCAE69}"
EndProject
Global
	GlobalSection(SolutionConfigurationPlatforms) = preSolution
		Debug|Any CPU = Debug|Any CPU
		Release|Any CPU = Release|Any CPU
	EndGlobalSection
	GlobalSection(ProjectConfigurationPlatforms) = postSolution
		{B6B5BBE5-BC62-464F-BCB5-4AD5C7FCAE69}.Debug|Any CPU.ActiveCfg = Debug|Any CPU
		{B6B5BBE5-BC62-464F-BCB5-4AD5C7FCAE69}.Debug|Any CPU.Build.0 = Debug|Any CPU
		{B6B5BBE5-BC62-464F-BCB5-4AD5C7FCAE69}.Release|Any CPU.ActiveCfg = Release|Any CPU
		{B6B5BBE5-BC62-464F-BCB5-4AD5C7FCAE69}.Release|Any CPU.Build.0 = Release|Any CPU
	EndGlobalSection
	GlobalSection(SolutionProperties) = preSolution
		HideSolutionNode = FALSE
	EndGlobalSection
	GlobalSection(ExtensibilityGlobals) = postSolution
		SolutionGuid = {18CED6D2-0C2A-433D-922A-CC9E8E453708}
	EndGlobalSection
EndGlobal
